
Microsoft Visual Studio Solution File, Format Version 12.00
# Visual Studio Version 16
VisualStudioVersion = 16.0.30611.23
MinimumVisualStudioVersion = 10.0.40219.1
Project("{FAE04EC0-301F-11D3-BF4B-00C04F79EFBC}") = "12700302Dongwok Hong", "새 폴더\12700302Dongwok Hong.csproj", "{B79E7097-4CC4-4793-AE92-CD45ACA6BE10}"
EndProject
Global
	GlobalSection(SolutionConfigurationPlatforms) = preSolution
		Debug|Any CPU = Debug|Any CPU
		Release|Any CPU = Release|Any CPU
	EndGlobalSection
	GlobalSection(ProjectConfigurationPlatforms) = postSolution
		{B79E7097-4CC4-4793-AE92-CD45ACA6BE10}.Debug|Any CPU.ActiveCfg = Debug|Any CPU
		{B79E7097-4CC4-4793-AE92-CD45ACA6BE10}.Debug|Any CPU.Build.0 = Debug|Any CPU
		{B79E7097-4CC4-4793-AE92-CD45ACA6BE10}.Release|Any CPU.ActiveCfg = Release|Any CPU
		{B79E7097-4CC4-4793-AE92-CD45ACA6BE10}.Release|Any CPU.Build.0 = Release|Any CPU
	EndGlobalSection
	GlobalSection(SolutionProperties) = preSolution
		HideSolutionNode = FALSE
	EndGlobalSection
	GlobalSection(ExtensibilityGlobals) = postSolution
		SolutionGuid = {23BE30D0-EDC0-4664-A9CC-71D779170C3F}
	EndGlobalSection
EndGlobal
